
Microsoft Visual Studio Solution File, Format Version 12.00
# Visual Studio 15
VisualStudioVersion = 15.0.28307.852
MinimumVisualStudioVersion = 10.0.40219.1
Project("{FAE04EC0-301F-11D3-BF4B-00C04F79EFBC}") = "WebApplication1", "WebApplication1\WebApplication1.csproj", "{81C5EFE6-5601-4EDC-9099-07B78AA5132C}"
EndProject
Project("{FAE04EC0-301F-11D3-BF4B-00C04F79EFBC}") = "Aplicacion", "Modelos\Aplicacion.csproj", "{6344387B-D33C-4596-914A-19AAF741FA3A}"
EndProject
Global
	GlobalSection(SolutionConfigurationPlatforms) = preSolution
		Debug|Any CPU = Debug|Any CPU
		Release|Any CPU = Release|Any CPU
	EndGlobalSection
	GlobalSection(ProjectConfigurationPlatforms) = postSolution
		{81C5EFE6-5601-4EDC-9099-07B78AA5132C}.Debug|Any CPU.ActiveCfg = Debug|Any CPU
		{81C5EFE6-5601-4EDC-9099-07B78AA5132C}.Debug|Any CPU.Build.0 = Debug|Any CPU
		{81C5EFE6-5601-4EDC-9099-07B78AA5132C}.Release|Any CPU.ActiveCfg = Release|Any CPU
		{81C5EFE6-5601-4EDC-9099-07B78AA5132C}.Release|Any CPU.Build.0 = Release|Any CPU
		{6344387B-D33C-4596-914A-19AAF741FA3A}.Debug|Any CPU.ActiveCfg = Debug|Any CPU
		{6344387B-D33C-4596-914A-19AAF741FA3A}.Debug|Any CPU.Build.0 = Debug|Any CPU
		{6344387B-D33C-4596-914A-19AAF741FA3A}.Release|Any CPU.ActiveCfg = Release|Any CPU
		{6344387B-D33C-4596-914A-19AAF741FA3A}.Release|Any CPU.Build.0 = Release|Any CPU
	EndGlobalSection
	GlobalSection(SolutionProperties) = preSolution
		HideSolutionNode = FALSE
	EndGlobalSection
	GlobalSection(ExtensibilityGlobals) = postSolution
		SolutionGuid = {837821C0-AD61-4FD2-A516-C9231CB69713}
	EndGlobalSection
EndGlobal
